{
  "name": "kysely-sqlite-http",
  "version": "1.0.2",
  "lockfileVersion": 3,
  "requires": true,
  "packages": {
    "": {
      "name": "kysely-sqlite-http",
      "version": "1.0.0",
      "license": "ISC",
      "dependencies": {
        "kysely": "^0.27.4",
        "sql.js-httpvfs": "^0.8.12"
      },
      "devDependencies": {
        "typescript": "^5.6.3"
      }
    },
    "node_modules/comlink": {
      "version": "4.4.1",
      "resolved": "https://registry.npmjs.org/comlink/-/comlink-4.4.1.tgz",
      "integrity": "sha512-+1dlx0aY5Jo1vHy/tSsIGpSkN4tS9rZSW8FIhG0JH/crs9wwweswIo/POr451r7bZww3hFbPAKnTpimzL/mm4Q==",
      "license": "Apache-2.0"
    },
    "node_modules/kysely": {
      "version": "0.27.4",
      "resolved": "https://registry.npmjs.org/kysely/-/kysely-0.27.4.tgz",
      "integrity": "sha512-dyNKv2KRvYOQPLCAOCjjQuCk4YFd33BvGdf/o5bC7FiW+BB6snA81Zt+2wT9QDFzKqxKa5rrOmvlK/anehCcgA==",
      "license": "MIT",
      "engines": {
        "node": ">=14.0.0"
      }
    },
    "node_modules/sql.js-httpvfs": {
      "version": "0.8.12",
      "resolved": "https://registry.npmjs.org/sql.js-httpvfs/-/sql.js-httpvfs-0.8.12.tgz",
      "integrity": "sha512-lcEBc2q0psFRfdCx8Di22oUIkkv5MUIaVO/fGCj/Jjx6YQDKVylQEcjd7NSSbmINHTRwVkm/vWP8uuevT7Rkkw==",
      "license": "Apache-2.0",
      "dependencies": {
        "comlink": "^4.3.0"
      }
    },
    "node_modules/typescript": {
      "version": "5.6.3",
      "resolved": "https://registry.npmjs.org/typescript/-/typescript-5.6.3.tgz",
      "integrity": "sha512-hjcS1mhfuyi4WW8IWtjP7brDrG2cuDZukyrYrSauoXGNgx0S7zceP07adYkJycEr56BOUTNPzbInooiN3fn1qw==",
      "dev": true,
      "license": "Apache-2.0",
      "bin": {
        "tsc": "bin/tsc",
        "tsserver": "bin/tsserver"
      },
      "engines": {
        "node": ">=14.17"
      }
    }
  }
}
